
Microsoft Visual Studio Solution File, Format Version 12.00
# Visual Studio 15
VisualStudioVersion = 15.0.26430.6
MinimumVisualStudioVersion = 10.0.40219.1
Project("{FAE04EC0-301F-11D3-BF4B-00C04F79EFBC}") = "Tavleya2", "Tavleya2\Tavleya2.csproj", "{CBE3D552-AEE0-4F74-BE0D-4A1644843CDD}"
EndProject
Global
	GlobalSection(SolutionConfigurationPlatforms) = preSolution
		Debug|Any CPU = Debug|Any CPU
		Release|Any CPU = Release|Any CPU
	EndGlobalSection
	GlobalSection(ProjectConfigurationPlatforms) = postSolution
		{CBE3D552-AEE0-4F74-BE0D-4A1644843CDD}.Debug|Any CPU.ActiveCfg = Debug|Any CPU
		{CBE3D552-AEE0-4F74-BE0D-4A1644843CDD}.Debug|Any CPU.Build.0 = Debug|Any CPU
		{CBE3D552-AEE0-4F74-BE0D-4A1644843CDD}.Release|Any CPU.ActiveCfg = Release|Any CPU
		{CBE3D552-AEE0-4F74-BE0D-4A1644843CDD}.Release|Any CPU.Build.0 = Release|Any CPU
	EndGlobalSection
	GlobalSection(SolutionProperties) = preSolution
		HideSolutionNode = FALSE
	EndGlobalSection
EndGlobal
